
Microsoft Visual Studio Solution File, Format Version 12.00
# Visual Studio Version 16
VisualStudioVersion = 16.0.30320.27
MinimumVisualStudioVersion = 10.0.40219.1
Project("{8BC9CEB8-8B4A-11D0-8D11-00A0C91BC942}") = "Action", "Action.vcxproj", "{715D09B9-4C3A-4A66-9925-02D592883B7A}"
EndProject
Global
	GlobalSection(SolutionConfigurationPlatforms) = preSolution
		Debug|x64 = Debug|x64
		Debug|x86 = Debug|x86
		Release|x64 = Release|x64
		Release|x86 = Release|x86
	EndGlobalSection
	GlobalSection(ProjectConfigurationPlatforms) = postSolution
		{715D09B9-4C3A-4A66-9925-02D592883B7A}.Debug|x64.ActiveCfg = Debug|x64
		{715D09B9-4C3A-4A66-9925-02D592883B7A}.Debug|x64.Build.0 = Debug|x64
		{715D09B9-4C3A-4A66-9925-02D592883B7A}.Debug|x86.ActiveCfg = Debug|Win32
		{715D09B9-4C3A-4A66-9925-02D592883B7A}.Debug|x86.Build.0 = Debug|Win32
		{715D09B9-4C3A-4A66-9925-02D592883B7A}.Release|x64.ActiveCfg = Release|x64
		{715D09B9-4C3A-4A66-9925-02D592883B7A}.Release|x64.Build.0 = Release|x64
		{715D09B9-4C3A-4A66-9925-02D592883B7A}.Release|x86.ActiveCfg = Release|Win32
		{715D09B9-4C3A-4A66-9925-02D592883B7A}.Release|x86.Build.0 = Release|Win32
	EndGlobalSection
	GlobalSection(SolutionProperties) = preSolution
		HideSolutionNode = FALSE
	EndGlobalSection
	GlobalSection(ExtensibilityGlobals) = postSolution
		SolutionGuid = {DAAC8427-05EE-44CC-A873-011589D0734A}
	EndGlobalSection
EndGlobal
